// !$*UTF8*$!
{
	archiveVersion = 1;
	classes = {
	};
	objectVersion = 46;
	objects = {

/* Begin PBXBuildFile section */
		B702AD3F1BD556DA00B363D4 /* AppDelegate.m in Sources */ = {isa = PBXBuildFile; fileRef = B702AD3E1BD556DA00B363D4 /* AppDelegate.m */; };
		B702AD411BD556DA00B363D4 /* main.m in Sources */ = {isa = PBXBuildFile; fileRef = B702AD401BD556DA00B363D4 /* main.m */; };
		B702AD441BD556DA00B363D4 /* ViewController.m in Sources */ = {isa = PBXBuildFile; fileRef = B702AD431BD556DA00B363D4 /* ViewController.m */; };
		B702AD461BD556DA00B363D4 /* Images.xcassets in Resources */ = {isa = PBXBuildFile; fileRef = B702AD451BD556DA00B363D4 /* Images.xcassets */; };
		B702AD491BD556DA00B363D4 /* Main.storyboard in Resources */ = {isa = PBXBuildFile; fileRef = B702AD471BD556DA00B363D4 /* Main.storyboard */; };
		B702AD551BD556DA00B363D4 /* GeniTagTests.m in Sources */ = {isa = PBXBuildFile; fileRef = B702AD541BD556DA00B363D4 /* GeniTagTests.m */; };
		B702AD601BD558E800B363D4 /* EPCEncoder.framework in Frameworks */ = {isa = PBXBuildFile; fileRef = B702AD5F1BD558E800B363D4 /* EPCEncoder.framework */; };
/* End PBXBuildFile section */

/* Begin PBXContainerItemProxy section */
		B702AD4F1BD556DA00B363D4 /* PBXContainerItemProxy */ = {
			isa = PBXContainerItemProxy;
			containerPortal = B702AD301BD556DA00B363D4 /* Project object */;
			proxyType = 1;
			remoteGlobalIDString = B702AD371BD556DA00B363D4;
			remoteInfo = GeniTag;
		};
/* End PBXContainerItemProxy section */

/* Begin PBXFileReference section */
		B702AD381BD556DA00B363D4 /* GeniTag.app */ = {isa = PBXFileReference; explicitFileType = wrapper.application; includeInIndex = 0; path = GeniTag.app; sourceTree = BUILT_PRODUCTS_DIR; };
		B702AD3C1BD556DA00B363D4 /* Info.plist */ = {isa = PBXFileReference; lastKnownFileType = text.plist.xml; path = Info.plist; sourceTree = "<group>"; };
		B702AD3D1BD556DA00B363D4 /* AppDelegate.h */ = {isa = PBXFileReference; lastKnownFileType = sourcecode.c.h; path = AppDelegate.h; sourceTree = "<group>"; };
		B702AD3E1BD556DA00B363D4 /* AppDelegate.m */ = {isa = PBXFileReference; lastKnownFileType = sourcecode.c.objc; path = AppDelegate.m; sourceTree = "<group>"; };
		B702AD401BD556DA00B363D4 /* main.m */ = {isa = PBXFileReference; lastKnownFileType = sourcecode.c.objc; path = main.m; sourceTree = "<group>"; };
		B702AD421BD556DA00B363D4 /* ViewController.h */ = {isa = PBXFileReference; lastKnownFileType = sourcecode.c.h; path = ViewController.h; sourceTree = "<group>"; };
		B702AD431BD556DA00B363D4 /* ViewController.m */ = {isa = PBXFileReference; lastKnownFileType = sourcecode.c.objc; path = ViewController.m; sourceTree = "<group>"; };
		B702AD451BD556DA00B363D4 /* Images.xcassets */ = {isa = PBXFileReference; lastKnownFileType = folder.assetcatalog; path = Images.xcassets; sourceTree = "<group>"; };
		B702AD481BD556DA00B363D4 /* Base */ = {isa = PBXFileReference; lastKnownFileType = file.storyboard; name = Base; path = Base.lproj/Main.storyboard; sourceTree = "<group>"; };
		B702AD4E1BD556DA00B363D4 /* GeniTagTests.xctest */ = {isa = PBXFileReference; explicitFileType = wrapper.cfbundle; includeInIndex = 0; path = GeniTagTests.xctest; sourceTree = BUILT_PRODUCTS_DIR; };
		B702AD531BD556DA00B363D4 /* Info.plist */ = {isa = PBXFileReference; lastKnownFileType = text.plist.xml; path = Info.plist; sourceTree = "<group>"; };
		B702AD541BD556DA00B363D4 /* GeniTagTests.m */ = {isa = PBXFileReference; lastKnownFileType = sourcecode.c.objc; path = GeniTagTests.m; sourceTree = "<group>"; };
		B702AD5F1BD558E800B363D4 /* EPCEncoder.framework */ = {isa = PBXFileReference; lastKnownFileType = wrapper.framework; path = EPCEncoder.framework; sourceTree = "<group>"; };
/* End PBXFileReference section */

/* Begin PBXFrameworksBuildPhase section */
		B702AD351BD556DA00B363D4 /* Frameworks */ = {
			isa = PBXFrameworksBuildPhase;
			buildActionMask = 2147483647;
			files = (
				B702AD601BD558E800B363D4 /* EPCEncoder.framework in Frameworks */,
			);
			runOnlyForDeploymentPostprocessing = 0;
		};
		B702AD4B1BD556DA00B363D4 /* Frameworks */ = {
			isa = PBXFrameworksBuildPhase;
			buildActionMask = 2147483647;
			files = (
			);
			runOnlyForDeploymentPostprocessing = 0;
		};
/* End PBXFrameworksBuildPhase section */

/* Begin PBXGroup section */
		B702AD2F1BD556DA00B363D4 = {
			isa = PBXGroup;
			children = (
				B702AD3A1BD556DA00B363D4 /* GeniTag */,
				B702AD511BD556DA00B363D4 /* GeniTagTests */,
				B702AD391BD556DA00B363D4 /* Products */,
				B702AD5E1BD558A000B363D4 /* EPCEncoder */,
			);
			sourceTree = "<group>";
		};
		B702AD391BD556DA00B363D4 /* Products */ = {
			isa = PBXGroup;
			children = (
				B702AD381BD556DA00B363D4 /* GeniTag.app */,
				B702AD4E1BD556DA00B363D4 /* GeniTagTests.xctest */,
			);
			name = Products;
			sourceTree = "<group>";
		};
		B702AD3A1BD556DA00B363D4 /* GeniTag */ = {
			isa = PBXGroup;
			children = (
				B702AD3D1BD556DA00B363D4 /* AppDelegate.h */,
				B702AD3E1BD556DA00B363D4 /* AppDelegate.m */,
				B702AD421BD556DA00B363D4 /* ViewController.h */,
				B702AD431BD556DA00B363D4 /* ViewController.m */,
				B702AD451BD556DA00B363D4 /* Images.xcassets */,
				B702AD471BD556DA00B363D4 /* Main.storyboard */,
				B702AD3B1BD556DA00B363D4 /* Supporting Files */,
			);
			path = GeniTag;
			sourceTree = "<group>";
		};
		B702AD3B1BD556DA00B363D4 /* Supporting Files */ = {
			isa = PBXGroup;
			children = (
				B702AD3C1BD556DA00B363D4 /* Info.plist */,
				B702AD401BD556DA00B363D4 /* main.m */,
			);
			name = "Supporting Files";
			sourceTree = "<group>";
		};
		B702AD511BD556DA00B363D4 /* GeniTagTests */ = {
			isa = PBXGroup;
			children = (
				B702AD541BD556DA00B363D4 /* GeniTagTests.m */,
				B702AD521BD556DA00B363D4 /* Supporting Files */,
			);
			path = GeniTagTests;
			sourceTree = "<group>";
		};
		B702AD521BD556DA00B363D4 /* Supporting Files */ = {
			isa = PBXGroup;
			children = (
				B702AD531BD556DA00B363D4 /* Info.plist */,
			);
			name = "Supporting Files";
			sourceTree = "<group>";
		};
		B702AD5E1BD558A000B363D4 /* EPCEncoder */ = {
			isa = PBXGroup;
			children = (
				B702AD5F1BD558E800B363D4 /* EPCEncoder.framework */,
			);
			name = EPCEncoder;
			sourceTree = "<group>";
		};
/* End PBXGroup section */

/* Begin PBXNativeTarget section */
		B702AD371BD556DA00B363D4 /* GeniTag */ = {
			isa = PBXNativeTarget;
			buildConfigurationList = B702AD581BD556DA00B363D4 /* Build configuration list for PBXNativeTarget "GeniTag" */;
			buildPhases = (
				B702AD341BD556DA00B363D4 /* Sources */,
				B702AD351BD556DA00B363D4 /* Frameworks */,
				B702AD361BD556DA00B363D4 /* Resources */,
			);
			buildRules = (
			);
			dependencies = (
			);
			name = GeniTag;
			productName = GeniTag;
			productReference = B702AD381BD556DA00B363D4 /* GeniTag.app */;
			productType = "com.apple.product-type.application";
		};
		B702AD4D1BD556DA00B363D4 /* GeniTagTests */ = {
			isa = PBXNativeTarget;
			buildConfigurationList = B702AD5B1BD556DA00B363D4 /* Build configuration list for PBXNativeTarget "GeniTagTests" */;
			buildPhases = (
				B702AD4A1BD556DA00B363D4 /* Sources */,
				B702AD4B1BD556DA00B363D4 /* Frameworks */,
				B702AD4C1BD556DA00B363D4 /* Resources */,
			);
			buildRules = (
			);
			dependencies = (
				B702AD501BD556DA00B363D4 /* PBXTargetDependency */,
			);
			name = GeniTagTests;
			productName = GeniTagTests;
			productReference = B702AD4E1BD556DA00B363D4 /* GeniTagTests.xctest */;
			productType = "com.apple.product-type.bundle.unit-test";
		};
/* End PBXNativeTarget section */

/* Begin PBXProject section */
		B702AD301BD556DA00B363D4 /* Project object */ = {
			isa = PBXProject;
			attributes = {
				LastUpgradeCheck = 0630;
				ORGANIZATIONNAME = Tim.Milne;
				TargetAttributes = {
					B702AD371BD556DA00B363D4 = {
						CreatedOnToolsVersion = 6.3.2;
					};
					B702AD4D1BD556DA00B363D4 = {
						CreatedOnToolsVersion = 6.3.2;
						TestTargetID = B702AD371BD556DA00B363D4;
					};
				};
			};
			buildConfigurationList = B702AD331BD556DA00B363D4 /* Build configuration list for PBXProject "GeniTag" */;
			compatibilityVersion = "Xcode 3.2";
			developmentRegion = English;
			hasScannedForEncodings = 0;
			knownRegions = (
				en,
				Base,
			);
			mainGroup = B702AD2F1BD556DA00B363D4;
			productRefGroup = B702AD391BD556DA00B363D4 /* Products */;
			projectDirPath = "";
			projectRoot = "";
			targets = (
				B702AD371BD556DA00B363D4 /* GeniTag */,
				B702AD4D1BD556DA00B363D4 /* GeniTagTests */,
			);
		};
/* End PBXProject section */

/* Begin PBXResourcesBuildPhase section */
		B702AD361BD556DA00B363D4 /* Resources */ = {
			isa = PBXResourcesBuildPhase;
			buildActionMask = 2147483647;
			files = (
				B702AD461BD556DA00B363D4 /* Images.xcassets in Resources */,
				B702AD491BD556DA00B363D4 /* Main.storyboard in Resources */,
			);
			runOnlyForDeploymentPostprocessing = 0;
		};
		B702AD4C1BD556DA00B363D4 /* Resources */ = {
			isa = PBXResourcesBuildPhase;
			buildActionMask = 2147483647;
			files = (
			);
			runOnlyForDeploymentPostprocessing = 0;
		};
/* End PBXResourcesBuildPhase section */

/* Begin PBXSourcesBuildPhase section */
		B702AD341BD556DA00B363D4 /* Sources */ = {
			isa = PBXSourcesBuildPhase;
			buildActionMask = 2147483647;
			files = (
				B702AD441BD556DA00B363D4 /* ViewController.m in Sources */,
				B702AD411BD556DA00B363D4 /* main.m in Sources */,
				B702AD3F1BD556DA00B363D4 /* AppDelegate.m in Sources */,
			);
			runOnlyForDeploymentPostprocessing = 0;
		};
		B702AD4A1BD556DA00B363D4 /* Sources */ = {
			isa = PBXSourcesBuildPhase;
			buildActionMask = 2147483647;
			files = (
				B702AD551BD556DA00B363D4 /* GeniTagTests.m in Sources */,
			);
			runOnlyForDeploymentPostprocessing = 0;
		};
/* End PBXSourcesBuildPhase section */

/* Begin PBXTargetDependency section */
		B702AD501BD556DA00B363D4 /* PBXTargetDependency */ = {
			isa = PBXTargetDependency;
			target = B702AD371BD556DA00B363D4 /* GeniTag */;
			targetProxy = B702AD4F1BD556DA00B363D4 /* PBXContainerItemProxy */;
		};
/* End PBXTargetDependency section */

/* Begin PBXVariantGroup section */
		B702AD471BD556DA00B363D4 /* Main.storyboard */ = {
			isa = PBXVariantGroup;
			children = (
				B702AD481BD556DA00B363D4 /* Base */,
			);
			name = Main.storyboard;
			sourceTree = "<group>";
		};
/* End PBXVariantGroup section */

/* Begin XCBuildConfiguration section */
		B702AD561BD556DA00B363D4 /* Debug */ = {
			isa = XCBuildConfiguration;
			buildSettings = {
				ALWAYS_SEARCH_USER_PATHS = NO;
				CLANG_CXX_LANGUAGE_STANDARD = "gnu++0x";
				CLANG_CXX_LIBRARY = "libc++";
				CLANG_ENABLE_MODULES = YES;
				CLANG_ENABLE_OBJC_ARC = YES;
				CLANG_WARN_BOOL_CONVERSION = YES;
				CLANG_WARN_CONSTANT_CONVERSION = YES;
				CLANG_WARN_DIRECT_OBJC_ISA_USAGE = YES_ERROR;
				CLANG_WARN_EMPTY_BODY = YES;
				CLANG_WARN_ENUM_CONVERSION = YES;
				CLANG_WARN_INT_CONVERSION = YES;
				CLANG_WARN_OBJC_ROOT_CLASS = YES_ERROR;
				CLANG_WARN_UNREACHABLE_CODE = YES;
				CLANG_WARN__DUPLICATE_METHOD_MATCH = YES;
				CODE_SIGN_IDENTITY = "-";
				COPY_PHASE_STRIP = NO;
				DEBUG_INFORMATION_FORMAT = dwarf;
				ENABLE_STRICT_OBJC_MSGSEND = YES;
				GCC_C_LANGUAGE_STANDARD = gnu99;
				GCC_DYNAMIC_NO_PIC = NO;
				GCC_NO_COMMON_BLOCKS = YES;
				GCC_OPTIMIZATION_LEVEL = 0;
				GCC_PREPROCESSOR_DEFINITIONS = (
					"DEBUG=1",
					"$(inherited)",
				);
				GCC_SYMBOLS_PRIVATE_EXTERN = NO;
				GCC_WARN_64_TO_32_BIT_CONVERSION = YES;
				GCC_WARN_ABOUT_RETURN_TYPE = YES_ERROR;
				GCC_WARN_UNDECLARED_SELECTOR = YES;
				GCC_WARN_UNINITIALIZED_AUTOS = YES_AGGRESSIVE;
				GCC_WARN_UNUSED_FUNCTION = YES;
				GCC_WARN_UNUSED_VARIABLE = YES;
				MACOSX_DEPLOYMENT_TARGET = 10.10;
				MTL_ENABLE_DEBUG_INFO = YES;
				ONLY_ACTIVE_ARCH = YES;
				SDKROOT = macosx;
			};
			name = Debug;
		};
		B702AD571BD556DA00B363D4 /* Release */ = {
			isa = XCBuildConfiguration;
			buildSettings = {
				ALWAYS_SEARCH_USER_PATHS = NO;
				CLANG_CXX_LANGUAGE_STANDARD = "gnu++0x";
				CLANG_CXX_LIBRARY = "libc++";
				CLANG_ENABLE_MODULES = YES;
				CLANG_ENABLE_OBJC_ARC = YES;
				CLANG_WARN_BOOL_CONVERSION = YES;
				CLANG_WARN_CONSTANT_CONVERSION = YES;
				CLANG_WARN_DIRECT_OBJC_ISA_USAGE = YES_ERROR;
				CLANG_WARN_EMPTY_BODY = YES;
				CLANG_WARN_ENUM_CONVERSION = YES;
				CLANG_WARN_INT_CONVERSION = YES;
				CLANG_WARN_OBJC_ROOT_CLASS = YES_ERROR;
				CLANG_WARN_UNREACHABLE_CODE = YES;
				CLANG_WARN__DUPLICATE_METHOD_MATCH = YES;
				CODE_SIGN_IDENTITY = "-";
				COPY_PHASE_STRIP = NO;
				DEBUG_INFORMATION_FORMAT = "dwarf-with-dsym";
				ENABLE_NS_ASSERTIONS = NO;
				ENABLE_STRICT_OBJC_MSGSEND = YES;
				GCC_C_LANGUAGE_STANDARD = gnu99;
				GCC_NO_COMMON_BLOCKS = YES;
				GCC_WARN_64_TO_32_BIT_CONVERSION = YES;
				GCC_WARN_ABOUT_RETURN_TYPE = YES_ERROR;
				GCC_WARN_UNDECLARED_SELECTOR = YES;
				GCC_WARN_UNINITIALIZED_AUTOS = YES_AGGRESSIVE;
				GCC_WARN_UNUSED_FUNCTION = YES;
				GCC_WARN_UNUSED_VARIABLE = YES;
				MACOSX_DEPLOYMENT_TARGET = 10.10;
				MTL_ENABLE_DEBUG_INFO = NO;
				SDKROOT = macosx;
			};
			name = Release;
		};
		B702AD591BD556DA00B363D4 /* Debug */ = {
			isa = XCBuildConfiguration;
			buildSettings = {
				ASSETCATALOG_COMPILER_APPICON_NAME = AppIcon;
				COMBINE_HIDPI_IMAGES = YES;
				FRAMEWORK_SEARCH_PATHS = (
					"$(inherited)",
					"$(PROJECT_DIR)",
				);
				INFOPLIST_FILE = GeniTag/Info.plist;
				LD_RUNPATH_SEARCH_PATHS = "$(inherited) @executable_path/../Frameworks";
				PRODUCT_NAME = "$(TARGET_NAME)";
			};
			name = Debug;
		};
		B702AD5A1BD556DA00B363D4 /* Release */ = {
			isa = XCBuildConfiguration;
			buildSettings = {
				ASSETCATALOG_COMPILER_APPICON_NAME = AppIcon;
				COMBINE_HIDPI_IMAGES = YES;
				FRAMEWORK_SEARCH_PATHS = (
					"$(inherited)",
					"$(PROJECT_DIR)",
				);
				INFOPLIST_FILE = GeniTag/Info.plist;
				LD_RUNPATH_SEARCH_PATHS = "$(inherited) @executable_path/../Frameworks";
				PRODUCT_NAME = "$(TARGET_NAME)";
			};
			name = Release;
		};
		B702AD5C1BD556DA00B363D4 /* Debug */ = {
			isa = XCBuildConfiguration;
			buildSettings = {
				BUNDLE_LOADER = "$(TEST_HOST)";
				COMBINE_HIDPI_IMAGES = YES;
				FRAMEWORK_SEARCH_PATHS = (
					"$(DEVELOPER_FRAMEWORKS_DIR)",
					"$(inherited)",
				);
				GCC_PREPROCESSOR_DEFINITIONS = (
					"DEBUG=1",
					"$(inherited)",
				);
				INFOPLIST_FILE = GeniTagTests/Info.plist;
				LD_RUNPATH_SEARCH_PATHS = "$(inherited) @executable_path/../Frameworks @loader_path/../Frameworks";
				PRODUCT_NAME = "$(TARGET_NAME)";
				TEST_HOST = "$(BUILT_PRODUCTS_DIR)/GeniTag.app/Contents/MacOS/GeniTag";
			};
			name = Debug;
		};
		B702AD5D1BD556DA00B363D4 /* Release */ = {
			isa = XCBuildConfiguration;
			buildSettings = {
				BUNDLE_LOADER = "$(TEST_HOST)";
				COMBINE_HIDPI_IMAGES = YES;
				FRAMEWORK_SEARCH_PATHS = (
					"$(DEVELOPER_FRAMEWORKS_DIR)",
					"$(inherited)",
				);
				INFOPLIST_FILE = GeniTagTests/Info.plist;
				LD_RUNPATH_SEARCH_PATHS = "$(inherited) @executable_path/../Frameworks @loader_path/../Frameworks";
				PRODUCT_NAME = "$(TARGET_NAME)";
				TEST_HOST = "$(BUILT_PRODUCTS_DIR)/GeniTag.app/Contents/MacOS/GeniTag";
			};
			name = Release;
		};
/* End XCBuildConfiguration section */

/* Begin XCConfigurationList section */
		B702AD331BD556DA00B363D4 /* Build configuration list for PBXProject "GeniTag" */ = {
			isa = XCConfigurationList;
			buildConfigurations = (
				B702AD561BD556DA00B363D4 /* Debug */,
				B702AD571BD556DA00B363D4 /* Release */,
			);
			defaultConfigurationIsVisible = 0;
			defaultConfigurationName = Release;
		};
		B702AD581BD556DA00B363D4 /* Build configuration list for PBXNativeTarget "GeniTag" */ = {
			isa = XCConfigurationList;
			buildConfigurations = (
				B702AD591BD556DA00B363D4 /* Debug */,
				B702AD5A1BD556DA00B363D4 /* Release */,
			);
			defaultConfigurationIsVisible = 0;
			defaultConfigurationName = Release;
		};
		B702AD5B1BD556DA00B363D4 /* Build configuration list for PBXNativeTarget "GeniTagTests" */ = {
			isa = XCConfigurationList;
			buildConfigurations = (
				B702AD5C1BD556DA00B363D4 /* Debug */,
				B702AD5D1BD556DA00B363D4 /* Release */,
			);
			defaultConfigurationIsVisible = 0;
			defaultConfigurationName = Release;
		};
/* End XCConfigurationList section */
	};
	rootObject = B702AD301BD556DA00B363D4 /* Project object */;
}
